
Microsoft Visual Studio Solution File, Format Version 12.00
# Visual Studio Version 17
VisualStudioVersion = 17.0.31912.275
MinimumVisualStudioVersion = 10.0.40219.1
Project("{9A19103F-16F7-4668-BE54-9A1E7A4F7556}") = "AdventOfCode", "AdventOfCode\AdventOfCode.csproj", "{3969EBD9-10E7-4DD5-B2C1-890DFB653144}"
EndProject
Global
	GlobalSection(SolutionConfigurationPlatforms) = preSolution
		Debug|Any CPU = Debug|Any CPU
		Release|Any CPU = Release|Any CPU
	EndGlobalSection
	GlobalSection(ProjectConfigurationPlatforms) = postSolution
		{3969EBD9-10E7-4DD5-B2C1-890DFB653144}.Debug|Any CPU.ActiveCfg = Debug|Any CPU
		{3969EBD9-10E7-4DD5-B2C1-890DFB653144}.Debug|Any CPU.Build.0 = Debug|Any CPU
		{3969EBD9-10E7-4DD5-B2C1-890DFB653144}.Release|Any CPU.ActiveCfg = Release|Any CPU
		{3969EBD9-10E7-4DD5-B2C1-890DFB653144}.Release|Any CPU.Build.0 = Release|Any CPU
	EndGlobalSection
	GlobalSection(SolutionProperties) = preSolution
		HideSolutionNode = FALSE
	EndGlobalSection
	GlobalSection(ExtensibilityGlobals) = postSolution
		SolutionGuid = {17A6C0FC-7E07-4CEF-88FB-B5F257E0E17C}
	EndGlobalSection
EndGlobal
